
Microsoft Visual Studio Solution File, Format Version 12.00
# Visual Studio Version 17
VisualStudioVersion = 17.7.34202.233
MinimumVisualStudioVersion = 10.0.40219.1
Project("{FAE04EC0-301F-11D3-BF4B-00C04F79EFBC}") = "TdSEndpointSample.Console", "TdSEndpointSample.Console\TdSEndpointSample.Console.csproj", "{11334A04-D627-4DD6-9B50-F64B68D11DB9}"
EndProject
Global
	GlobalSection(SolutionConfigurationPlatforms) = preSolution
		Debug|Any CPU = Debug|Any CPU
		Release|Any CPU = Release|Any CPU
	EndGlobalSection
	GlobalSection(ProjectConfigurationPlatforms) = postSolution
		{11334A04-D627-4DD6-9B50-F64B68D11DB9}.Debug|Any CPU.ActiveCfg = Debug|Any CPU
		{11334A04-D627-4DD6-9B50-F64B68D11DB9}.Debug|Any CPU.Build.0 = Debug|Any CPU
		{11334A04-D627-4DD6-9B50-F64B68D11DB9}.Release|Any CPU.ActiveCfg = Release|Any CPU
		{11334A04-D627-4DD6-9B50-F64B68D11DB9}.Release|Any CPU.Build.0 = Release|Any CPU
	EndGlobalSection
	GlobalSection(SolutionProperties) = preSolution
		HideSolutionNode = FALSE
	EndGlobalSection
	GlobalSection(ExtensibilityGlobals) = postSolution
		SolutionGuid = {F20BB669-9617-4DE2-9B6D-2CE0BC6889D6}
	EndGlobalSection
EndGlobal
